# THIS IS AN AUTOGENERATED FILE. DO NOT EDIT THIS FILE DIRECTLY.
# yarn lockfile v1


"@pyscript/core@0.4.34":
  version "0.4.34"
  resolved "https://registry.yarnpkg.com/@pyscript/core/-/core-0.4.34.tgz#27c20125d6167a32646e7e7c4f6ee649bf10f07a"
  integrity sha512-an1Zj9C/LfclbsvJ1IPVpNX5OHOLdt0j7aljUqp3dKE/gfmi+/Uz3QhE+PEwVM/ybMlN9FLRXnXApCETdpmrCg==
  dependencies:
    "@ungap/with-resolvers" "^0.1.0"
    basic-devtools "^0.1.6"
    polyscript "^0.12.10"
    sticky-module "^0.1.1"
    to-json-callback "^0.1.1"
    type-checked-collections "^0.1.7"

"@ungap/structured-clone@^1.2.0":
  version "1.2.0"
  resolved "https://registry.yarnpkg.com/@ungap/structured-clone/-/structured-clone-1.2.0.tgz#756641adb587851b5ccb3e095daf27ae581c8406"
  integrity sha512-zuVdFrMJiuCDQUMCzQaD6KL28MjnqqN8XnAqiEq9PNm/hCPTSGfrXCOfwj1ow4LFb/tNymJPwsNbVePc1xFqrQ==

"@ungap/with-resolvers@^0.1.0":
  version "0.1.0"
  resolved "https://registry.yarnpkg.com/@ungap/with-resolvers/-/with-resolvers-0.1.0.tgz#63a07b13bbf10ffff074a36498cce8d82aeeecc4"
  integrity sha512-g7f0IkJdPW2xhY7H4iE72DAsIyfuwEFc6JWc2tYFwKDMWWAF699vGjrM348cwQuOXgHpe1gWFe+Eiyjx/ewvvw==

"@webreflection/fetch@^0.1.5":
  version "0.1.5"
  resolved "https://registry.yarnpkg.com/@webreflection/fetch/-/fetch-0.1.5.tgz#0d15e9a2c73dcc81e4b6fe7a2f8a34353de0a227"
  integrity sha512-zCcqCJoNLvdeF41asAK71XPlwSPieeRDsE09albBunJEksuYPYNillKNQjf8p5BqSoTKTuKrW3lUm3MNodUC4g==

basic-devtools@^0.1.6:
  version "0.1.6"
  resolved "https://registry.yarnpkg.com/basic-devtools/-/basic-devtools-0.1.6.tgz#b3935521df8bb7bd43d0d6397d0eb80ae6982197"
  integrity sha512-g9zJ63GmdUesS3/Fwv0B5SYX6nR56TQXmGr+wE5PRTNCnGQMYWhUx/nZB/mMWnQJVLPPAp89oxDNlasdtNkW5Q==

codedent@^0.1.2:
  version "0.1.2"
  resolved "https://registry.yarnpkg.com/codedent/-/codedent-0.1.2.tgz#fbaf4c02d34a555dede0dbd24f6ac02d583b9ce4"
  integrity sha512-qEqzcy5viM3UoCN0jYHZeXZoyd4NZQzYFg0kOBj8O1CgoGG9WYYTF+VeQRsN0OSKFjF3G1u4WDUOtOsWEx6N2w==
  dependencies:
    plain-tag "^0.1.3"

coincident@^1.2.3:
  version "1.2.3"
  resolved "https://registry.yarnpkg.com/coincident/-/coincident-1.2.3.tgz#7fbb393d227cf397aa9df180a1416c9517caf8ff"
  integrity sha512-Uxz3BMTWIslzeWjuQnizGWVg0j6khbvHUQ8+5BdM7WuJEm4ALXwq3wluYoB+uF68uPBz/oUOeJnYURKyfjexlA==
  dependencies:
    "@ungap/structured-clone" "^1.2.0"
    "@ungap/with-resolvers" "^0.1.0"
    gc-hook "^0.3.1"
    proxy-target "^3.0.2"
  optionalDependencies:
    ws "^8.16.0"

gc-hook@^0.3.1:
  version "0.3.1"
  resolved "https://registry.yarnpkg.com/gc-hook/-/gc-hook-0.3.1.tgz#033e7f493e6a79682eeca8abee1a5eed61746476"
  integrity sha512-E5M+O/h2o7eZzGhzRZGex6hbB3k4NWqO0eA+OzLRLXxhdbYPajZnynPwAtphnh+cRHPwsj5Z80dqZlfI4eK55A==

html-escaper@^3.0.3:
  version "3.0.3"
  resolved "https://registry.yarnpkg.com/html-escaper/-/html-escaper-3.0.3.tgz#4d336674652beb1dcbc29ef6b6ba7f6be6fdfed6"
  integrity sha512-RuMffC89BOWQoY0WKGpIhn5gX3iI54O6nRA0yC124NYVtzjmFWBIiFd8M0x+ZdX0P9R4lADg1mgP8C7PxGOWuQ==

plain-tag@^0.1.3:
  version "0.1.3"
  resolved "https://registry.yarnpkg.com/plain-tag/-/plain-tag-0.1.3.tgz#d20c0fdf8fa80c170bc1d12d6c9ab38e27922836"
  integrity sha512-yyVAOFKTAElc7KdLt2+UKGExNYwYb/Y/WE9i+1ezCQsJE8gbKSjewfpRqK2nQgZ4d4hhAAGgDCOcIZVilqE5UA==

polyscript@^0.12.10:
  version "0.12.10"
  resolved "https://registry.yarnpkg.com/polyscript/-/polyscript-0.12.10.tgz#4c30fb171e33eb7ab9785ff887b6485753968636"
  integrity sha512-aHVHm6cphwGIlz7tHv3dY8KleVVYJfoGOHjlYyw6w/9HBiX9DHqI0X0SDdS1frXphLEF8B6OtbzqRYtKmUBNeg==
  dependencies:
    "@ungap/structured-clone" "^1.2.0"
    "@ungap/with-resolvers" "^0.1.0"
    "@webreflection/fetch" "^0.1.5"
    basic-devtools "^0.1.6"
    codedent "^0.1.2"
    coincident "^1.2.3"
    gc-hook "^0.3.1"
    html-escaper "^3.0.3"
    proxy-target "^3.0.2"
    sticky-module "^0.1.1"
    to-json-callback "^0.1.1"

proxy-target@^3.0.2:
  version "3.0.2"
  resolved "https://registry.yarnpkg.com/proxy-target/-/proxy-target-3.0.2.tgz#c18bff54989183c2c466ac197f31d29203054267"
  integrity sha512-FFE1XNwXX/FNC3/P8HiKaJSy/Qk68RitG/QEcLy/bVnTAPlgTAWPZKh0pARLAnpfXQPKyalBhk009NRTgsk8vQ==

sticky-module@^0.1.1:
  version "0.1.1"
  resolved "https://registry.yarnpkg.com/sticky-module/-/sticky-module-0.1.1.tgz#b2afc313fb2d627a67405f4d8fc82b4ad8e6fc0b"
  integrity sha512-IuYgnyIMUx/m6rtu14l/LR2MaqOLtpXcWkxPmtPsiScRHEo+S4Tojk+DWFHOncSdFX/OsoLOM4+T92yOmI1AMw==

to-json-callback@^0.1.1:
  version "0.1.1"
  resolved "https://registry.yarnpkg.com/to-json-callback/-/to-json-callback-0.1.1.tgz#71b53cba57247c645a6a817eb0f9bcb1697d593f"
  integrity sha512-BzOeinTT3NjE+FJ2iCvWB8HvyuyBzoH3WlSnJ+AYVC4tlePyZWSYdkQIFOARWiq0t35/XhmI0uQsFiUsRksRqg==

type-checked-collections@^0.1.7:
  version "0.1.7"
  resolved "https://registry.yarnpkg.com/type-checked-collections/-/type-checked-collections-0.1.7.tgz#f0d8b19561119e0efaba1a51f0cb6eb8fcbe66de"
  integrity sha512-fLIydlJy7IG9XL4wjRwEcKhxx/ekLXiWiMvcGo01cOMF+TN+5ZqajM1mRNRz2bNNi1bzou2yofhjZEQi7kgl9A==

ws@^8.16.0:
  version "8.17.0"
  resolved "https://registry.yarnpkg.com/ws/-/ws-8.17.0.tgz#d145d18eca2ed25aaf791a183903f7be5e295fea"
  integrity sha512-uJq6108EgZMAl20KagGkzCKfMEjxmKvZHG7Tlq0Z6nOky7YF7aq4mOx6xK8TJ/i1LeK4Qus7INktacctDgY8Ow==
